
Microsoft Visual Studio Solution File, Format Version 12.00
# Visual Studio Version 16
VisualStudioVersion = 16.0.29709.97
MinimumVisualStudioVersion = 10.0.40219.1
Project("{FAE04EC0-301F-11D3-BF4B-00C04F79EFBC}") = "BTN 10 SO 26", "BTN 10 SO 26.csproj", "{9A34F041-2E14-4C8C-96E3-C460F0B5C8DF}"
EndProject
Global
	GlobalSection(SolutionConfigurationPlatforms) = preSolution
		Debug|Any CPU = Debug|Any CPU
		Release|Any CPU = Release|Any CPU
	EndGlobalSection
	GlobalSection(ProjectConfigurationPlatforms) = postSolution
		{9A34F041-2E14-4C8C-96E3-C460F0B5C8DF}.Debug|Any CPU.ActiveCfg = Debug|Any CPU
		{9A34F041-2E14-4C8C-96E3-C460F0B5C8DF}.Debug|Any CPU.Build.0 = Debug|Any CPU
		{9A34F041-2E14-4C8C-96E3-C460F0B5C8DF}.Release|Any CPU.ActiveCfg = Release|Any CPU
		{9A34F041-2E14-4C8C-96E3-C460F0B5C8DF}.Release|Any CPU.Build.0 = Release|Any CPU
	EndGlobalSection
	GlobalSection(SolutionProperties) = preSolution
		HideSolutionNode = FALSE
	EndGlobalSection
	GlobalSection(ExtensibilityGlobals) = postSolution
		SolutionGuid = {E7427A8F-BC20-466C-8EB0-7B4AFF18B398}
	EndGlobalSection
EndGlobal
